
Microsoft Visual Studio Solution File, Format Version 12.00
# Visual Studio 14
VisualStudioVersion = 14.0.25123.0
MinimumVisualStudioVersion = 10.0.40219.1
Project("{FAE04EC0-301F-11D3-BF4B-00C04F79EFBC}") = "PokemonGoTest", "Pogo\PokemonGoTest.csproj", "{D7F9666E-53A4-4129-ADDA-2082191D691F}"
EndProject
Project("{FAE04EC0-301F-11D3-BF4B-00C04F79EFBC}") = "PokemonGoApi", "PokemonGoApi\PokemonGoApi.csproj", "{FDEB55B2-37EC-43C9-B5A4-6DBE882F1945}"
EndProject
Global
	GlobalSection(SolutionConfigurationPlatforms) = preSolution
		Debug|Any CPU = Debug|Any CPU
		Release|Any CPU = Release|Any CPU
	EndGlobalSection
	GlobalSection(ProjectConfigurationPlatforms) = postSolution
		{D7F9666E-53A4-4129-ADDA-2082191D691F}.Debug|Any CPU.ActiveCfg = Debug|Any CPU
		{D7F9666E-53A4-4129-ADDA-2082191D691F}.Debug|Any CPU.Build.0 = Debug|Any CPU
		{D7F9666E-53A4-4129-ADDA-2082191D691F}.Release|Any CPU.ActiveCfg = Release|Any CPU
		{D7F9666E-53A4-4129-ADDA-2082191D691F}.Release|Any CPU.Build.0 = Release|Any CPU
		{FDEB55B2-37EC-43C9-B5A4-6DBE882F1945}.Debug|Any CPU.ActiveCfg = Debug|Any CPU
		{FDEB55B2-37EC-43C9-B5A4-6DBE882F1945}.Debug|Any CPU.Build.0 = Debug|Any CPU
		{FDEB55B2-37EC-43C9-B5A4-6DBE882F1945}.Release|Any CPU.ActiveCfg = Release|Any CPU
		{FDEB55B2-37EC-43C9-B5A4-6DBE882F1945}.Release|Any CPU.Build.0 = Release|Any CPU
	EndGlobalSection
	GlobalSection(SolutionProperties) = preSolution
		HideSolutionNode = FALSE
	EndGlobalSection
EndGlobal
